
Microsoft Visual Studio Solution File, Format Version 12.00
Project("{FAE04EC0-301F-11D3-BF4B-00C04F79EFBC}") = "EasyNetQSprache", "EasyNetQSprache\EasyNetQSprache.csproj", "{03376437-3ABA-454B-A634-560EE1F7ECEC}"
EndProject
Global
	GlobalSection(SolutionConfigurationPlatforms) = preSolution
		Debug|Any CPU = Debug|Any CPU
		Release|Any CPU = Release|Any CPU
	EndGlobalSection
	GlobalSection(ProjectConfigurationPlatforms) = postSolution
		{03376437-3ABA-454B-A634-560EE1F7ECEC}.Debug|Any CPU.ActiveCfg = Debug|Any CPU
		{03376437-3ABA-454B-A634-560EE1F7ECEC}.Debug|Any CPU.Build.0 = Debug|Any CPU
		{03376437-3ABA-454B-A634-560EE1F7ECEC}.Release|Any CPU.ActiveCfg = Release|Any CPU
		{03376437-3ABA-454B-A634-560EE1F7ECEC}.Release|Any CPU.Build.0 = Release|Any CPU
	EndGlobalSection
EndGlobal
